Microsoft Visual Studio Solution File, Format Version 11.00
# Visual Studio 2010
Project("{2150E333-8FDC-42A3-9474-1A3956D46DE8}") = "Solution Items", "Solution Items", "{A3031523-E511-4728-87FF-0E012D1BCB84}"
	ProjectSection(SolutionItems) = preProject
		demo.sav = demo.sav
		localtestrun.testrunconfig = localtestrun.testrunconfig
		Spss.vsmdi = Spss.vsmdi
	EndProjectSection
EndProject
Project("{FAE04EC0-301F-11D3-BF4B-00C04F79EFBC}") = "Spss", "Spss\Spss.csproj", "{230E956E-FB2D-448E-AD4A-E90CB4BE2092}"
EndProject
Project("{FAE04EC0-301F-11D3-BF4B-00C04F79EFBC}") = "TestSpss", "TestSpss\TestSpss.csproj", "{87954EEF-2A60-444B-A1D0-1E94C2C663F1}"
EndProject
Project("{F184B08F-C81C-45F6-A57F-5ABD9991F28F}") = "SimpleDemo", "SimpleDemo\SimpleDemo.vbproj", "{7D996EAE-1C78-4E18-954F-882BE7AA6E99}"
EndProject
Global
	GlobalSection(TestCaseManagementSettings) = postSolution
		CategoryFile = Spss.vsmdi
	EndGlobalSection
	GlobalSection(SolutionConfigurationPlatforms) = preSolution
		Debug|Any CPU = Debug|Any CPU
		Release|Any CPU = Release|Any CPU
		SPSS test|Any CPU = SPSS test|Any CPU
	EndGlobalSection
	GlobalSection(ProjectConfigurationPlatforms) = postSolution
		{230E956E-FB2D-448E-AD4A-E90CB4BE2092}.Debug|Any CPU.ActiveCfg = Debug|Any CPU
		{230E956E-FB2D-448E-AD4A-E90CB4BE2092}.Debug|Any CPU.Build.0 = Debug|Any CPU
		{230E956E-FB2D-448E-AD4A-E90CB4BE2092}.Release|Any CPU.ActiveCfg = Release|Any CPU
		{230E956E-FB2D-448E-AD4A-E90CB4BE2092}.Release|Any CPU.Build.0 = Release|Any CPU
		{230E956E-FB2D-448E-AD4A-E90CB4BE2092}.SPSS test|Any CPU.ActiveCfg = SPSS test|Any CPU
		{230E956E-FB2D-448E-AD4A-E90CB4BE2092}.SPSS test|Any CPU.Build.0 = SPSS test|Any CPU
		{87954EEF-2A60-444B-A1D0-1E94C2C663F1}.Debug|Any CPU.ActiveCfg = Debug|Any CPU
		{87954EEF-2A60-444B-A1D0-1E94C2C663F1}.Debug|Any CPU.Build.0 = Debug|Any CPU
		{87954EEF-2A60-444B-A1D0-1E94C2C663F1}.Release|Any CPU.ActiveCfg = Release|Any CPU
		{87954EEF-2A60-444B-A1D0-1E94C2C663F1}.Release|Any CPU.Build.0 = Release|Any CPU
		{87954EEF-2A60-444B-A1D0-1E94C2C663F1}.SPSS test|Any CPU.ActiveCfg = Release|x86
		{7D996EAE-1C78-4E18-954F-882BE7AA6E99}.Debug|Any CPU.ActiveCfg = Debug|Any CPU
		{7D996EAE-1C78-4E18-954F-882BE7AA6E99}.Debug|Any CPU.Build.0 = Debug|Any CPU
		{7D996EAE-1C78-4E18-954F-882BE7AA6E99}.Release|Any CPU.ActiveCfg = Release|Any CPU
		{7D996EAE-1C78-4E18-954F-882BE7AA6E99}.Release|Any CPU.Build.0 = Release|Any CPU
		{7D996EAE-1C78-4E18-954F-882BE7AA6E99}.SPSS test|Any CPU.ActiveCfg = Release|x86
	EndGlobalSection
	GlobalSection(SolutionProperties) = preSolution
		HideSolutionNode = FALSE
	EndGlobalSection
EndGlobal
