Microsoft Visual Studio Solution File, Format Version 11.00
# Visual Studio 2010
Project("{2150E333-8FDC-42A3-9474-1A3956D46DE8}") = "Solution Items", "Solution Items", "{A3031523-E511-4728-87FF-0E012D1BCB84}"
	ProjectSection(SolutionItems) = preProject
		demo.sav = demo.sav
		localtestrun.testrunconfig = localtestrun.testrunconfig
		Resources\SPSS 14.0 for Windows Developer's Guide.pdf = Resources\SPSS 14.0 for Windows Developer's Guide.pdf
		Spss.vsmdi = Spss.vsmdi
	EndProjectSection
EndProject
Project("{FAE04EC0-301F-11D3-BF4B-00C04F79EFBC}") = "Spss", "Spss\Spss.csproj", "{230E956E-FB2D-448E-AD4A-E90CB4BE2092}"
EndProject
Project("{FAE04EC0-301F-11D3-BF4B-00C04F79EFBC}") = "TestSpss", "TestSpss\TestSpss.csproj", "{87954EEF-2A60-444B-A1D0-1E94C2C663F1}"
EndProject
Project("{F184B08F-C81C-45F6-A57F-5ABD9991F28F}") = "SimpleDemo", "SimpleDemo\SimpleDemo.vbproj", "{7D996EAE-1C78-4E18-954F-882BE7AA6E99}"
EndProject
Project("{FAE04EC0-301F-11D3-BF4B-00C04F79EFBC}") = "Spss.DataAdapter", "Spss.DataAdapter\Spss.DataAdapter.csproj", "{B65AEDFB-4C8B-46C6-905B-41D06B6B1719}"
EndProject
Global
	GlobalSection(TestCaseManagementSettings) = postSolution
		CategoryFile = Spss.vsmdi
	EndGlobalSection
	GlobalSection(SolutionConfigurationPlatforms) = preSolution
		Debug|x86 = Debug|x86
		Release|x86 = Release|x86
		SPSS test|x86 = SPSS test|x86
	EndGlobalSection
	GlobalSection(ProjectConfigurationPlatforms) = postSolution
		{230E956E-FB2D-448E-AD4A-E90CB4BE2092}.Debug|x86.ActiveCfg = Debug|x86
		{230E956E-FB2D-448E-AD4A-E90CB4BE2092}.Debug|x86.Build.0 = Debug|x86
		{230E956E-FB2D-448E-AD4A-E90CB4BE2092}.Release|x86.ActiveCfg = Release|x86
		{230E956E-FB2D-448E-AD4A-E90CB4BE2092}.Release|x86.Build.0 = Release|x86
		{230E956E-FB2D-448E-AD4A-E90CB4BE2092}.SPSS test|x86.ActiveCfg = SPSS test|x86
		{230E956E-FB2D-448E-AD4A-E90CB4BE2092}.SPSS test|x86.Build.0 = SPSS test|x86
		{87954EEF-2A60-444B-A1D0-1E94C2C663F1}.Debug|x86.ActiveCfg = Debug|x86
		{87954EEF-2A60-444B-A1D0-1E94C2C663F1}.Debug|x86.Build.0 = Debug|x86
		{87954EEF-2A60-444B-A1D0-1E94C2C663F1}.Release|x86.ActiveCfg = Release|x86
		{87954EEF-2A60-444B-A1D0-1E94C2C663F1}.Release|x86.Build.0 = Release|x86
		{87954EEF-2A60-444B-A1D0-1E94C2C663F1}.SPSS test|x86.ActiveCfg = Release|x86
		{87954EEF-2A60-444B-A1D0-1E94C2C663F1}.SPSS test|x86.Build.0 = Release|x86
		{7D996EAE-1C78-4E18-954F-882BE7AA6E99}.Debug|x86.ActiveCfg = Debug|x86
		{7D996EAE-1C78-4E18-954F-882BE7AA6E99}.Debug|x86.Build.0 = Debug|x86
		{7D996EAE-1C78-4E18-954F-882BE7AA6E99}.Release|x86.ActiveCfg = Release|x86
		{7D996EAE-1C78-4E18-954F-882BE7AA6E99}.Release|x86.Build.0 = Release|x86
		{7D996EAE-1C78-4E18-954F-882BE7AA6E99}.SPSS test|x86.ActiveCfg = Release|x86
		{7D996EAE-1C78-4E18-954F-882BE7AA6E99}.SPSS test|x86.Build.0 = Release|x86
		{B65AEDFB-4C8B-46C6-905B-41D06B6B1719}.Debug|x86.ActiveCfg = Debug|x86
		{B65AEDFB-4C8B-46C6-905B-41D06B6B1719}.Debug|x86.Build.0 = Debug|x86
		{B65AEDFB-4C8B-46C6-905B-41D06B6B1719}.Release|x86.ActiveCfg = Release|x86
		{B65AEDFB-4C8B-46C6-905B-41D06B6B1719}.Release|x86.Build.0 = Release|x86
		{B65AEDFB-4C8B-46C6-905B-41D06B6B1719}.SPSS test|x86.ActiveCfg = Release|x86
		{B65AEDFB-4C8B-46C6-905B-41D06B6B1719}.SPSS test|x86.Build.0 = Release|x86
	EndGlobalSection
	GlobalSection(SolutionProperties) = preSolution
		HideSolutionNode = FALSE
	EndGlobalSection
EndGlobal
